
Microsoft Visual Studio Solution File, Format Version 12.00
# Visual Studio Version 17
VisualStudioVersion = 17.3.32825.248
MinimumVisualStudioVersion = 10.0.40219.1
Project("{9A19103F-16F7-4668-BE54-9A1E7A4F7556}") = "gRPC_Use", "gRPC_Use\gRPC_Use.csproj", "{09FB1420-99DC-45B7-8238-25C2A53C2F3E}"
EndProject
Project("{9A19103F-16F7-4668-BE54-9A1E7A4F7556}") = "Cilent", "Cilent\Cilent.csproj", "{4D68C902-4C00-4A13-A12C-E555405744C8}"
EndProject
Project("{FAE04EC0-301F-11D3-BF4B-00C04F79EFBC}") = "Common", "Common\Common.csproj", "{7B86BE9B-D278-4366-BA54-5915E36531CA}"
EndProject
Global
	GlobalSection(SolutionConfigurationPlatforms) = preSolution
		Debug|Any CPU = Debug|Any CPU
		Release|Any CPU = Release|Any CPU
	EndGlobalSection
	GlobalSection(ProjectConfigurationPlatforms) = postSolution
		{09FB1420-99DC-45B7-8238-25C2A53C2F3E}.Debug|Any CPU.ActiveCfg = Debug|Any CPU
		{09FB1420-99DC-45B7-8238-25C2A53C2F3E}.Debug|Any CPU.Build.0 = Debug|Any CPU
		{09FB1420-99DC-45B7-8238-25C2A53C2F3E}.Release|Any CPU.ActiveCfg = Release|Any CPU
		{09FB1420-99DC-45B7-8238-25C2A53C2F3E}.Release|Any CPU.Build.0 = Release|Any CPU
		{4D68C902-4C00-4A13-A12C-E555405744C8}.Debug|Any CPU.ActiveCfg = Debug|Any CPU
		{4D68C902-4C00-4A13-A12C-E555405744C8}.Debug|Any CPU.Build.0 = Debug|Any CPU
		{4D68C902-4C00-4A13-A12C-E555405744C8}.Release|Any CPU.ActiveCfg = Release|Any CPU
		{4D68C902-4C00-4A13-A12C-E555405744C8}.Release|Any CPU.Build.0 = Release|Any CPU
		{7B86BE9B-D278-4366-BA54-5915E36531CA}.Debug|Any CPU.ActiveCfg = Debug|Any CPU
		{7B86BE9B-D278-4366-BA54-5915E36531CA}.Debug|Any CPU.Build.0 = Debug|Any CPU
		{7B86BE9B-D278-4366-BA54-5915E36531CA}.Release|Any CPU.ActiveCfg = Release|Any CPU
		{7B86BE9B-D278-4366-BA54-5915E36531CA}.Release|Any CPU.Build.0 = Release|Any CPU
	EndGlobalSection
	GlobalSection(SolutionProperties) = preSolution
		HideSolutionNode = FALSE
	EndGlobalSection
	GlobalSection(ExtensibilityGlobals) = postSolution
		SolutionGuid = {BFAE140B-5857-4336-9CA3-802A85454133}
	EndGlobalSection
EndGlobal
